{
  "nodes": {
    "gen-algebra": {
      "locked": {
        "lastModified": 1791499652,
        "narHash": "sha256-fU/+M32N11sux9n7PDVsEj1BhjKFVx/bsnYhxMZ6mgo=",
        "owner": "sini",
        "repo": "gen-algebra",
        "rev": "af117a97c53f07bdcfe5334b22243c14f6ca1199",
        "type": "github"
      },
      "original": {
        "owner": "sini",
        "repo": "gen-algebra",
        "type": "github"
      }
    },
    "gen-graph": {
      "inputs": {
        "gen-prelude": "gen-prelude"
      },
      "locked": {
        "lastModified": 1791499762,
        "narHash": "sha256-PLzVFFBQTX6hX89Qd5w8pxgY85mwp11TE1goXyVyCto=",
        "owner": "sini",
        "repo": "gen-graph",
        "rev": "3bc25f51703bc47b5996d1d9c069077c077f4636",
        "type": "github"
      },
      "original": {
        "owner": "sini",
        "repo": "gen-graph",
        "type": "github"
      }
    },
    "gen-identity": {
      "locked": {
        "lastModified": 1791499593,
        "narHash": "sha256-ncM/l1z3qMhAbYAIkrAEf6CrXwulxhPHMdE7Zy23OHc=",
        "owner": "sini",
        "repo": "gen-identity",
        "rev": "00d3b72e88257cd3c4b2cbde6448b5a80b203042",
        "type": "github"
      },
      "original": {
        "owner": "sini",
        "repo": "gen-identity",
        "type": "github"
      }
    },
    "gen-prelude": {
      "locked": {
        "lastModified": 1791499595,
        "narHash": "sha256-NKkJ7aykCmZPCoQmsBqB+WfiOBiizK2U7ceKAWjQSeo=",
        "owner": "sini",
        "repo": "gen-prelude",
        "rev": "746b61b0aa0ef45eb07d2fbedd6e6c2b37c6ab9b",
        "type": "github"
      },
      "original": {
        "owner": "sini",
        "repo": "gen-prelude",
        "type": "github"
      }
    },
    "gen-prelude_2": {
      "locked": {
        "lastModified": 1791499595,
        "narHash": "sha256-NKkJ7aykCmZPCoQmsBqB+WfiOBiizK2U7ceKAWjQSeo=",
        "owner": "sini",
        "repo": "gen-prelude",
        "rev": "746b61b0aa0ef45eb07d2fbedd6e6c2b37c6ab9b",
        "type": "github"
      },
      "original": {
        "owner": "sini",
        "repo": "gen-prelude",
        "type": "github"
      }
    },
    "root": {
      "inputs": {
        "gen-algebra": "gen-algebra",
        "gen-graph": "gen-graph",
        "gen-identity": "gen-identity",
        "gen-prelude": "gen-prelude_2"
      }
    }
  },
  "root": "root",
  "version": 7
}
