{
  "nodes": {
    "gen-graph": {
      "inputs": {
        "gen-prelude": "gen-prelude"
      },
      "locked": {
        "lastModified": 1791077621,
        "narHash": "sha256-GCrIL1h8s3/I1jovP1IBUNoDrwVYl8z8NnT1+2Vde/g=",
        "owner": "sini",
        "repo": "gen-graph",
        "rev": "59e7d2a72e8385eaebd93d93d680e9dc465399ea",
        "type": "github"
      },
      "original": {
        "owner": "sini",
        "repo": "gen-graph",
        "type": "github"
      }
    },
    "gen-identity": {
      "locked": {
        "lastModified": 1791070343,
        "narHash": "sha256-nUhbGtYT3HXtY7E7xppcFN0d2qOH9WvaYEkytBn6E04=",
        "owner": "sini",
        "repo": "gen-identity",
        "rev": "b94563b8c4cdf900952b3828f668fd4759d095ff",
        "type": "github"
      },
      "original": {
        "owner": "sini",
        "repo": "gen-identity",
        "type": "github"
      }
    },
    "gen-prelude": {
      "locked": {
        "lastModified": 1791070343,
        "narHash": "sha256-6SwoktjHG0kFXqVFYjdsP6h9m0Pj9PRcU+A5JieAFtY=",
        "owner": "sini",
        "repo": "gen-prelude",
        "rev": "40e305c3e2281327a8d28325854982658040ba36",
        "type": "github"
      },
      "original": {
        "owner": "sini",
        "repo": "gen-prelude",
        "type": "github"
      }
    },
    "gen-prelude_2": {
      "locked": {
        "lastModified": 1791070343,
        "narHash": "sha256-6SwoktjHG0kFXqVFYjdsP6h9m0Pj9PRcU+A5JieAFtY=",
        "owner": "sini",
        "repo": "gen-prelude",
        "rev": "40e305c3e2281327a8d28325854982658040ba36",
        "type": "github"
      },
      "original": {
        "owner": "sini",
        "repo": "gen-prelude",
        "type": "github"
      }
    },
    "root": {
      "inputs": {
        "gen-graph": "gen-graph",
        "gen-identity": "gen-identity",
        "gen-prelude": "gen-prelude_2"
      }
    }
  },
  "root": "root",
  "version": 7
}
