{
  "nodes": {
    "gen-graph": {
      "inputs": {
        "gen-prelude": "gen-prelude"
      },
      "locked": {
        "lastModified": 1790109337,
        "narHash": "sha256-qFfn14xAEvOSHHFwd4R5w/uZBee+IvGC3NRTlpFnrTc=",
        "owner": "sini",
        "repo": "gen-graph",
        "rev": "e53686c6bc9a3c61cb0964836eef1e5fe564e97b",
        "type": "github"
      },
      "original": {
        "owner": "sini",
        "repo": "gen-graph",
        "type": "github"
      }
    },
    "gen-identity": {
      "locked": {
        "lastModified": 1790109261,
        "narHash": "sha256-07xUM0zol2LpoxNDbbqTol3NJ8zhVmHicM0tKpXE38k=",
        "owner": "sini",
        "repo": "gen-identity",
        "rev": "33c9588c196698344e279725b0bd254464dad124",
        "type": "github"
      },
      "original": {
        "owner": "sini",
        "repo": "gen-identity",
        "type": "github"
      }
    },
    "gen-prelude": {
      "locked": {
        "lastModified": 1790109277,
        "narHash": "sha256-cAPNaj+iIPoOaGn/1oK8sRXRIV1tm6nE1+y7FmGTsWY=",
        "owner": "sini",
        "repo": "gen-prelude",
        "rev": "efe801bc39906823b3abada8658299582795263c",
        "type": "github"
      },
      "original": {
        "owner": "sini",
        "repo": "gen-prelude",
        "type": "github"
      }
    },
    "gen-prelude_2": {
      "locked": {
        "lastModified": 1790109277,
        "narHash": "sha256-cAPNaj+iIPoOaGn/1oK8sRXRIV1tm6nE1+y7FmGTsWY=",
        "owner": "sini",
        "repo": "gen-prelude",
        "rev": "efe801bc39906823b3abada8658299582795263c",
        "type": "github"
      },
      "original": {
        "owner": "sini",
        "repo": "gen-prelude",
        "type": "github"
      }
    },
    "root": {
      "inputs": {
        "gen-graph": "gen-graph",
        "gen-identity": "gen-identity",
        "gen-prelude": "gen-prelude_2"
      }
    }
  },
  "root": "root",
  "version": 7
}
