{
  "nodes": {
    "gen-prelude": {
      "locked": {
        "lastModified": 1782849654,
        "narHash": "sha256-RuSmZU9Sny31YFYfPkagesMDKqGgkQQoNrm4O5Imw2c=",
        "owner": "sini",
        "repo": "gen-prelude",
        "rev": "9e3f4c947c76a11ffec04e020ac7e2a3fe306c47",
        "type": "github"
      },
      "original": {
        "owner": "sini",
        "repo": "gen-prelude",
        "type": "github"
      }
    },
    "gen-scope": {
      "inputs": {
        "gen-prelude": "gen-prelude"
      },
      "locked": {
        "lastModified": 1782932838,
        "narHash": "sha256-OnoxrCHgXcR9ZKXw7g+BpLGtLxHI0A0oE1C/AmtdSA0=",
        "owner": "sini",
        "repo": "gen-scope",
        "rev": "339d3d97dfc432abfdc4e17d9c95cd39d9c05648",
        "type": "github"
      },
      "original": {
        "owner": "sini",
        "repo": "gen-scope",
        "type": "github"
      }
    },
    "nixpkgs": {
      "locked": {
        "lastModified": 1782723713,
        "narHash": "sha256-T6OhkwGyyGHer1lr4GkbOp//7ii23xLE7HuMmjrdkXI=",
        "rev": "b5aa0fbd538984f6e3d201be0005b4463d8b09f8",
        "type": "tarball",
        "url": "https://releases.nixos.org/nixos/unstable/nixos-26.11pre1024265.b5aa0fbd5389/nixexprs.tar.xz"
      },
      "original": {
        "type": "tarball",
        "url": "https://channels.nixos.org/nixos-unstable/nixexprs.tar.xz"
      }
    },
    "root": {
      "inputs": {
        "gen-scope": "gen-scope",
        "nixpkgs": "nixpkgs"
      }
    }
  },
  "root": "root",
  "version": 7
}
