{
  "nodes": {
    "gen-algebra": {
      "locked": {
        "lastModified": 1782521734,
        "narHash": "sha256-BU6HndNta7WDB51AKjBFYNOxFhp5rJPOumjMkQVKzSM=",
        "owner": "sini",
        "repo": "gen-algebra",
        "rev": "aaffd3f073715bd4ac47d3f78123a9882a328bfa",
        "type": "github"
      },
      "original": {
        "owner": "sini",
        "repo": "gen-algebra",
        "type": "github"
      }
    },
    "gen-graph": {
      "inputs": {
        "gen-prelude": "gen-prelude"
      },
      "locked": {
        "lastModified": 1787374123,
        "narHash": "sha256-OCtVxyq51HdiKbwKIgauLS8ch8m144yWhY+dwCOAE5E=",
        "owner": "sini",
        "repo": "gen-graph",
        "rev": "f71f94e571626bf9b557e86492082839e248e5e5",
        "type": "github"
      },
      "original": {
        "owner": "sini",
        "repo": "gen-graph",
        "type": "github"
      }
    },
    "gen-identity": {
      "locked": {
        "lastModified": 1787248094,
        "narHash": "sha256-FfBRtY/lnemVU5WZEXRsSwjEjs3PqYCSQU7LKL6qeak=",
        "owner": "sini",
        "repo": "gen-identity",
        "rev": "58c114cb76329fc5a6bb3ee0d29a34f63efc2030",
        "type": "github"
      },
      "original": {
        "owner": "sini",
        "repo": "gen-identity",
        "type": "github"
      }
    },
    "gen-merge": {
      "inputs": {
        "gen-prelude": "gen-prelude_3",
        "gen-types": "gen-types"
      },
      "locked": {
        "lastModified": 1785114420,
        "narHash": "sha256-znkcgWdj2DKf2VBrDKmTT2MwjlzAcbeKdh2shU1b5Rw=",
        "owner": "sini",
        "repo": "gen-merge",
        "rev": "8daa25deb482b184d1a040ae36182ca7332e94a9",
        "type": "github"
      },
      "original": {
        "owner": "sini",
        "repo": "gen-merge",
        "type": "github"
      }
    },
    "gen-prelude": {
      "locked": {
        "lastModified": 1786595333,
        "narHash": "sha256-9loi/kuvayA/3jM9oiCV9amCIksxO1SivXEhWnKLBLg=",
        "owner": "sini",
        "repo": "gen-prelude",
        "rev": "57881cb5236bb3fd6be81a728e3274e4e60f754c",
        "type": "github"
      },
      "original": {
        "owner": "sini",
        "repo": "gen-prelude",
        "type": "github"
      }
    },
    "gen-prelude_2": {
      "locked": {
        "lastModified": 1786239838,
        "narHash": "sha256-Z+fLq4FsOaBNyrtfEwhwwOmihSFnHe+Jf47VNsW9lZQ=",
        "owner": "sini",
        "repo": "gen-prelude",
        "rev": "da7056327e5f8312d73d51895039a1f319166cd4",
        "type": "github"
      },
      "original": {
        "owner": "sini",
        "repo": "gen-prelude",
        "type": "github"
      }
    },
    "gen-prelude_3": {
      "locked": {
        "lastModified": 1783016618,
        "narHash": "sha256-J08Ao7Gr5M3cHwHJ1jGeKXjKK2AGol5PuWid8VhqMT4=",
        "owner": "sini",
        "repo": "gen-prelude",
        "rev": "62c2500777dc6854b3777d47303d0858ce0f1bb1",
        "type": "github"
      },
      "original": {
        "owner": "sini",
        "repo": "gen-prelude",
        "type": "github"
      }
    },
    "gen-prelude_4": {
      "locked": {
        "lastModified": 1783016618,
        "narHash": "sha256-J08Ao7Gr5M3cHwHJ1jGeKXjKK2AGol5PuWid8VhqMT4=",
        "owner": "sini",
        "repo": "gen-prelude",
        "rev": "62c2500777dc6854b3777d47303d0858ce0f1bb1",
        "type": "github"
      },
      "original": {
        "owner": "sini",
        "repo": "gen-prelude",
        "type": "github"
      }
    },
    "gen-prelude_5": {
      "locked": {
        "lastModified": 1783016618,
        "narHash": "sha256-J08Ao7Gr5M3cHwHJ1jGeKXjKK2AGol5PuWid8VhqMT4=",
        "owner": "sini",
        "repo": "gen-prelude",
        "rev": "62c2500777dc6854b3777d47303d0858ce0f1bb1",
        "type": "github"
      },
      "original": {
        "owner": "sini",
        "repo": "gen-prelude",
        "type": "github"
      }
    },
    "gen-schema": {
      "inputs": {
        "gen-algebra": "gen-algebra",
        "gen-merge": "gen-merge",
        "gen-prelude": [
          "gen-scope",
          "gen-prelude"
        ],
        "gen-types": "gen-types_2"
      },
      "locked": {
        "lastModified": 1786568225,
        "narHash": "sha256-ErS746uWH0yyXgs/6ecVKR6d7OBaSo4GYog4win1zvo=",
        "owner": "sini",
        "repo": "gen-schema",
        "rev": "df44ed66fae82f6ac574b0db2634c1f1f95649a8",
        "type": "github"
      },
      "original": {
        "owner": "sini",
        "repo": "gen-schema",
        "type": "github"
      }
    },
    "gen-scope": {
      "inputs": {
        "gen-graph": "gen-graph",
        "gen-identity": "gen-identity",
        "gen-prelude": "gen-prelude_2",
        "gen-schema": "gen-schema"
      },
      "locked": {
        "lastModified": 1787413416,
        "narHash": "sha256-n0SbtIqE2gk4kIFgz05BWMMTJ/O8w/On3CMINfeDn4I=",
        "owner": "sini",
        "repo": "gen-scope",
        "rev": "6984433ba18d18dca455da5919c82e4e34d67827",
        "type": "github"
      },
      "original": {
        "owner": "sini",
        "repo": "gen-scope",
        "type": "github"
      }
    },
    "gen-types": {
      "inputs": {
        "gen-prelude": "gen-prelude_4"
      },
      "locked": {
        "lastModified": 1783025858,
        "narHash": "sha256-2n4u0VYxvV5deZ3/NTYoFUAjsZOL3os7OLdWQN/3cYU=",
        "owner": "sini",
        "repo": "gen-types",
        "rev": "887ad871d13f3baeb168a8cb5503b39737fe947b",
        "type": "github"
      },
      "original": {
        "owner": "sini",
        "repo": "gen-types",
        "type": "github"
      }
    },
    "gen-types_2": {
      "inputs": {
        "gen-prelude": "gen-prelude_5"
      },
      "locked": {
        "lastModified": 1783025858,
        "narHash": "sha256-2n4u0VYxvV5deZ3/NTYoFUAjsZOL3os7OLdWQN/3cYU=",
        "owner": "sini",
        "repo": "gen-types",
        "rev": "887ad871d13f3baeb168a8cb5503b39737fe947b",
        "type": "github"
      },
      "original": {
        "owner": "sini",
        "repo": "gen-types",
        "type": "github"
      }
    },
    "nixpkgs": {
      "locked": {
        "lastModified": 1782723713,
        "narHash": "sha256-T6OhkwGyyGHer1lr4GkbOp//7ii23xLE7HuMmjrdkXI=",
        "rev": "b5aa0fbd538984f6e3d201be0005b4463d8b09f8",
        "type": "tarball",
        "url": "https://releases.nixos.org/nixos/unstable/nixos-26.11pre1024265.b5aa0fbd5389/nixexprs.tar.xz"
      },
      "original": {
        "type": "tarball",
        "url": "https://channels.nixos.org/nixos-unstable/nixexprs.tar.xz"
      }
    },
    "root": {
      "inputs": {
        "gen-scope": "gen-scope",
        "nixpkgs": "nixpkgs"
      }
    }
  },
  "root": "root",
  "version": 7
}
